
Microsoft Visual Studio Solution File, Format Version 12.00
# Visual Studio Version 16
VisualStudioVersion = 16.0.29519.181
MinimumVisualStudioVersion = 10.0.40219.1
Project("{2150E333-8FDC-42A3-9474-1A3956D46DE8}") = "0 - Domain", "0 - Domain", "{E82224B9-3620-44C4-9472-06AE19510E02}"
EndProject
Project("{2150E333-8FDC-42A3-9474-1A3956D46DE8}") = "1 - Tests", "1 - Tests", "{0C42FC5B-8AD1-45A1-964F-1928BF8EE52A}"
EndProject
Project("{2150E333-8FDC-42A3-9474-1A3956D46DE8}") = "2 - Infra", "2 - Infra", "{45589B33-FEDC-4FD9-9AD1-E82A8E29963C}"
EndProject
Project("{2150E333-8FDC-42A3-9474-1A3956D46DE8}") = "3 - Application", "3 - Application", "{830C59F5-2CC2-4AA1-B903-45FA86EF5CC3}"
EndProject
Project("{2150E333-8FDC-42A3-9474-1A3956D46DE8}") = "4 - API", "4 - API", "{22810538-9D9F-4870-A737-883BC247B822}"
EndProject
Project("{2150E333-8FDC-42A3-9474-1A3956D46DE8}") = "5 - Presentation", "5 - Presentation", "{C50D118C-84BB-447A-BFC1-5E63D04708AD}"
EndProject
Project("{FAE04EC0-301F-11D3-BF4B-00C04F79EFBC}") = "Switch.Domain", "Switch.Domain\Switch.Domain.csproj", "{675DAD30-7114-42A8-B791-0F58507799FF}"
EndProject
Project("{FAE04EC0-301F-11D3-BF4B-00C04F79EFBC}") = "Switch.Domain.Test", "Switch.Domain.Test\Switch.Domain.Test.csproj", "{9B7DABA8-5156-4624-BD31-820BC6D3F70C}"
EndProject
Project("{2150E333-8FDC-42A3-9474-1A3956D46DE8}") = "2.1 - CrossCutting", "2.1 - CrossCutting", "{FC1EBCE9-8827-4591-B03F-32786088B9B5}"
EndProject
Project("{2150E333-8FDC-42A3-9474-1A3956D46DE8}") = "2.2 - Data", "2.2 - Data", "{412A5728-C442-4AB9-88A8-8EE896B3E447}"
EndProject
Project("{FAE04EC0-301F-11D3-BF4B-00C04F79EFBC}") = "Switch.Infra.Data", "Switch.Infra.Data\Switch.Infra.Data.csproj", "{8E02E925-3A0F-4284-9C82-A7FECB667E32}"
EndProject
Project("{FAE04EC0-301F-11D3-BF4B-00C04F79EFBC}") = "Switch.Application", "Switch.Application\Switch.Application.csproj", "{5C0666D2-E563-4CC9-8889-D41D4120D425}"
EndProject
Project("{FAE04EC0-301F-11D3-BF4B-00C04F79EFBC}") = "Switch.API", "Switch.API\Switch.API.csproj", "{0A5797E5-5330-4B58-B0B1-9408E5F06C0B}"
EndProject
Global
	GlobalSection(SolutionConfigurationPlatforms) = preSolution
		Debug|Any CPU = Debug|Any CPU
		Release|Any CPU = Release|Any CPU
	EndGlobalSection
	GlobalSection(ProjectConfigurationPlatforms) = postSolution
		{675DAD30-7114-42A8-B791-0F58507799FF}.Debug|Any CPU.ActiveCfg = Debug|Any CPU
		{675DAD30-7114-42A8-B791-0F58507799FF}.Debug|Any CPU.Build.0 = Debug|Any CPU
		{675DAD30-7114-42A8-B791-0F58507799FF}.Release|Any CPU.ActiveCfg = Release|Any CPU
		{675DAD30-7114-42A8-B791-0F58507799FF}.Release|Any CPU.Build.0 = Release|Any CPU
		{9B7DABA8-5156-4624-BD31-820BC6D3F70C}.Debug|Any CPU.ActiveCfg = Debug|Any CPU
		{9B7DABA8-5156-4624-BD31-820BC6D3F70C}.Debug|Any CPU.Build.0 = Debug|Any CPU
		{9B7DABA8-5156-4624-BD31-820BC6D3F70C}.Release|Any CPU.ActiveCfg = Release|Any CPU
		{9B7DABA8-5156-4624-BD31-820BC6D3F70C}.Release|Any CPU.Build.0 = Release|Any CPU
		{8E02E925-3A0F-4284-9C82-A7FECB667E32}.Debug|Any CPU.ActiveCfg = Debug|Any CPU
		{8E02E925-3A0F-4284-9C82-A7FECB667E32}.Debug|Any CPU.Build.0 = Debug|Any CPU
		{8E02E925-3A0F-4284-9C82-A7FECB667E32}.Release|Any CPU.ActiveCfg = Release|Any CPU
		{8E02E925-3A0F-4284-9C82-A7FECB667E32}.Release|Any CPU.Build.0 = Release|Any CPU
		{5C0666D2-E563-4CC9-8889-D41D4120D425}.Debug|Any CPU.ActiveCfg = Debug|Any CPU
		{5C0666D2-E563-4CC9-8889-D41D4120D425}.Debug|Any CPU.Build.0 = Debug|Any CPU
		{5C0666D2-E563-4CC9-8889-D41D4120D425}.Release|Any CPU.ActiveCfg = Release|Any CPU
		{5C0666D2-E563-4CC9-8889-D41D4120D425}.Release|Any CPU.Build.0 = Release|Any CPU
		{0A5797E5-5330-4B58-B0B1-9408E5F06C0B}.Debug|Any CPU.ActiveCfg = Debug|Any CPU
		{0A5797E5-5330-4B58-B0B1-9408E5F06C0B}.Debug|Any CPU.Build.0 = Debug|Any CPU
		{0A5797E5-5330-4B58-B0B1-9408E5F06C0B}.Release|Any CPU.ActiveCfg = Release|Any CPU
		{0A5797E5-5330-4B58-B0B1-9408E5F06C0B}.Release|Any CPU.Build.0 = Release|Any CPU
	EndGlobalSection
	GlobalSection(SolutionProperties) = preSolution
		HideSolutionNode = FALSE
	EndGlobalSection
	GlobalSection(NestedProjects) = preSolution
		{675DAD30-7114-42A8-B791-0F58507799FF} = {E82224B9-3620-44C4-9472-06AE19510E02}
		{9B7DABA8-5156-4624-BD31-820BC6D3F70C} = {0C42FC5B-8AD1-45A1-964F-1928BF8EE52A}
		{FC1EBCE9-8827-4591-B03F-32786088B9B5} = {45589B33-FEDC-4FD9-9AD1-E82A8E29963C}
		{412A5728-C442-4AB9-88A8-8EE896B3E447} = {45589B33-FEDC-4FD9-9AD1-E82A8E29963C}
		{8E02E925-3A0F-4284-9C82-A7FECB667E32} = {412A5728-C442-4AB9-88A8-8EE896B3E447}
		{5C0666D2-E563-4CC9-8889-D41D4120D425} = {830C59F5-2CC2-4AA1-B903-45FA86EF5CC3}
		{0A5797E5-5330-4B58-B0B1-9408E5F06C0B} = {22810538-9D9F-4870-A737-883BC247B822}
	EndGlobalSection
	GlobalSection(ExtensibilityGlobals) = postSolution
		SolutionGuid = {1477B8C1-EC7B-44DE-88FE-4AC6596F8992}
	EndGlobalSection
EndGlobal
